
Microsoft Visual Studio Solution File, Format Version 12.00
# Visual Studio Version 17
VisualStudioVersion = 17.10.35431.56
MinimumVisualStudioVersion = 10.0.40219.1
Project("{FAE04EC0-301F-11D3-BF4B-00C04F79EFBC}") = "Loupedeck-Icon-Builder", "Loupedeck-Icon-Builder.csproj", "{57AF8DEA-02DF-4F5B-A3E1-495FDE6BCEDC}"
EndProject
Global
	GlobalSection(SolutionConfigurationPlatforms) = preSolution
		Debug|Any CPU = Debug|Any CPU
		Release|Any CPU = Release|Any CPU
	EndGlobalSection
	GlobalSection(ProjectConfigurationPlatforms) = postSolution
		{57AF8DEA-02DF-4F5B-A3E1-495FDE6BCEDC}.Debug|Any CPU.ActiveCfg = Debug|Any CPU
		{57AF8DEA-02DF-4F5B-A3E1-495FDE6BCEDC}.Debug|Any CPU.Build.0 = Debug|Any CPU
		{57AF8DEA-02DF-4F5B-A3E1-495FDE6BCEDC}.Release|Any CPU.ActiveCfg = Release|Any CPU
		{57AF8DEA-02DF-4F5B-A3E1-495FDE6BCEDC}.Release|Any CPU.Build.0 = Release|Any CPU
	EndGlobalSection
	GlobalSection(SolutionProperties) = preSolution
		HideSolutionNode = FALSE
	EndGlobalSection
	GlobalSection(ExtensibilityGlobals) = postSolution
		SolutionGuid = {57008401-88CB-4BCD-9789-F4E8D14FC935}
	EndGlobalSection
EndGlobal
